
Microsoft Visual Studio Solution File, Format Version 12.00
# Visual Studio Version 17
VisualStudioVersion = 17.5.33502.453
MinimumVisualStudioVersion = 10.0.40219.1
Project("{9A19103F-16F7-4668-BE54-9A1E7A4F7556}") = "MyMicroservice", "MyMicroservice.csproj", "{C99C1A2F-73A6-415C-B910-958FE1434C37}"
EndProject
Global
	GlobalSection(SolutionConfigurationPlatforms) = preSolution
		Debug|Any CPU = Debug|Any CPU
		Release|Any CPU = Release|Any CPU
	EndGlobalSection
	GlobalSection(ProjectConfigurationPlatforms) = postSolution
		{C99C1A2F-73A6-415C-B910-958FE1434C37}.Debug|Any CPU.ActiveCfg = Debug|Any CPU
		{C99C1A2F-73A6-415C-B910-958FE1434C37}.Debug|Any CPU.Build.0 = Debug|Any CPU
		{C99C1A2F-73A6-415C-B910-958FE1434C37}.Release|Any CPU.ActiveCfg = Release|Any CPU
		{C99C1A2F-73A6-415C-B910-958FE1434C37}.Release|Any CPU.Build.0 = Release|Any CPU
	EndGlobalSection
	GlobalSection(SolutionProperties) = preSolution
		HideSolutionNode = FALSE
	EndGlobalSection
	GlobalSection(ExtensibilityGlobals) = postSolution
		SolutionGuid = {C71AEF82-780B-407A-9CA3-320E04DD272F}
	EndGlobalSection
EndGlobal
